
Microsoft Visual Studio Solution File, Format Version 12.00
# Visual Studio Version 17
VisualStudioVersion = 17.8.34309.116
MinimumVisualStudioVersion = 10.0.40219.1
Project("{9A19103F-16F7-4668-BE54-9A1E7A4F7556}") = "ScribewareSite.Lib", "ScribewareSite.Lib\ScribewareSite.Lib.csproj", "{7DEAA5D7-4D13-41A1-A30C-5B28E5E084AA}"
EndProject
Project("{9A19103F-16F7-4668-BE54-9A1E7A4F7556}") = "ScribewareSite.Tests", "ScribewareSite.Tests\ScribewareSite.Tests.csproj", "{81129293-DAAF-4380-BC79-359164AEE5B3}"
EndProject
Project("{FAE04EC0-301F-11D3-BF4B-00C04F79EFBC}") = "ScribeWareSite.Web", "ScribeWareSite.Web\ScribeWareSite.Web.csproj", "{6F2681F8-0D18-4F6B-BB9C-545CF5DB9909}"
EndProject
Global
	GlobalSection(SolutionConfigurationPlatforms) = preSolution
		Debug|Any CPU = Debug|Any CPU
		Release|Any CPU = Release|Any CPU
	EndGlobalSection
	GlobalSection(ProjectConfigurationPlatforms) = postSolution
		{7DEAA5D7-4D13-41A1-A30C-5B28E5E084AA}.Debug|Any CPU.ActiveCfg = Debug|Any CPU
		{7DEAA5D7-4D13-41A1-A30C-5B28E5E084AA}.Debug|Any CPU.Build.0 = Debug|Any CPU
		{7DEAA5D7-4D13-41A1-A30C-5B28E5E084AA}.Release|Any CPU.ActiveCfg = Release|Any CPU
		{7DEAA5D7-4D13-41A1-A30C-5B28E5E084AA}.Release|Any CPU.Build.0 = Release|Any CPU
		{81129293-DAAF-4380-BC79-359164AEE5B3}.Debug|Any CPU.ActiveCfg = Debug|Any CPU
		{81129293-DAAF-4380-BC79-359164AEE5B3}.Debug|Any CPU.Build.0 = Debug|Any CPU
		{81129293-DAAF-4380-BC79-359164AEE5B3}.Release|Any CPU.ActiveCfg = Release|Any CPU
		{81129293-DAAF-4380-BC79-359164AEE5B3}.Release|Any CPU.Build.0 = Release|Any CPU
		{6F2681F8-0D18-4F6B-BB9C-545CF5DB9909}.Debug|Any CPU.ActiveCfg = Debug|Any CPU
		{6F2681F8-0D18-4F6B-BB9C-545CF5DB9909}.Debug|Any CPU.Build.0 = Debug|Any CPU
		{6F2681F8-0D18-4F6B-BB9C-545CF5DB9909}.Release|Any CPU.ActiveCfg = Release|Any CPU
		{6F2681F8-0D18-4F6B-BB9C-545CF5DB9909}.Release|Any CPU.Build.0 = Release|Any CPU
	EndGlobalSection
	GlobalSection(SolutionProperties) = preSolution
		HideSolutionNode = FALSE
	EndGlobalSection
	GlobalSection(ExtensibilityGlobals) = postSolution
		SolutionGuid = {CF10104F-BEB9-4EF9-BD2C-17CD74FCBB65}
	EndGlobalSection
EndGlobal
